<?xml version="1.0" encoding="utf-8"?>
<Project ToolsVersion="4.0" xmlns="http://schemas.microsoft.com/developer/msbuild/2003">
  <ItemGroup>
    <Filter Include="Source Files">
      <UniqueIdentifier>{4FC737F1-C7A5-4376-A066-2A32D752A2FF}</UniqueIdentifier>
      <Extensions>cpp;c;cc;cxx;c++;cppm;ixx;def;odl;idl;hpj;bat;asm;asmx</Extensions>
    </Filter>
    <Filter Include="Header Files">
      <UniqueIdentifier>{93995380-89BD-4b04-88EB-625FBE52EBFB}</UniqueIdentifier>
      <Extensions>h;hh;hpp;hxx;h++;hm;inl;inc;ipp;xsd</Extensions>
    </Filter>
    <Filter Include="Resource Files">
      <UniqueIdentifier>{67DA6AB6-F800-4c08-8B7A-83BB121AAD01}</UniqueIdentifier>
      <Extensions>rc;ico;cur;bmp;dlg;rc2;rct;bin;rgs;gif;jpg;jpeg;jpe;resx;tiff;tif;png;wav;mfcribbon-ms</Extensions>
    </Filter>
    <Filter Include="Source Files\App">
      <UniqueIdentifier>{af79ca48-dd91-45d4-a467-c6528310a99e}</UniqueIdentifier>
    </Filter>
    <Filter Include="Source Files\Graphics">
      <UniqueIdentifier>{469eb46f-cfb6-4747-b446-6ca83b3393c7}</UniqueIdentifier>
    </Filter>
    <Filter Include="Source Files\Math">
      <UniqueIdentifier>{41db383d-f191-4c3b-b873-d7452028b73a}</UniqueIdentifier>
    </Filter>
    <Filter Include="Source Files\Export">
      <UniqueIdentifier>{8f5474cc-0419-42f4-875b-5672c0c52683}</UniqueIdentifier>
    </Filter>
    <Filter Include="Source Files\Input">
      <UniqueIdentifier>{42ad75cf-1fe0-4b2a-825f-b63747ec2d13}</UniqueIdentifier>
    </Filter>
    <Filter Include="Source Files\Model">
      <UniqueIdentifier>{145b3b72-ea5b-467a-82dc-9b7d0a282e56}</UniqueIdentifier>
    </Filter>
  </ItemGroup>
  <ItemGroup>
    <ClCompile Include="GraphPlotter.cpp">
      <Filter>Source Files</Filter>
    </ClCompile>
    <ClCompile Include="Application.cpp">
      <Filter>Source Files\App</Filter>
    </ClCompile>
    <ClCompile Include="CoordinateSystem.cpp">
      <Filter>Source Files\Graphics</Filter>
    </ClCompile>
    <ClCompile Include="Function.cpp">
      <Filter>Source Files\Math</Filter>
    </ClCompile>
    <ClCompile Include="GraphRenderer.cpp">
      <Filter>Source Files\Graphics</Filter>
    </ClCompile>
    <ClCompile Include="main.cpp">
      <Filter>Source Files</Filter>
    </ClCompile>
    <ClCompile Include="FunctionParser.cpp">
      <Filter>Source Files\Math</Filter>
    </ClCompile>
    <ClCompile Include="ExpressionTree.cpp">
      <Filter>Source Files\Math</Filter>
    </ClCompile>
    <ClCompile Include="UserDefinedFunction.cpp">
      <Filter>Source Files\Model</Filter>
    </ClCompile>
  </ItemGroup>
  <ItemGroup>
    <ClInclude Include="Application.h">
      <Filter>Source Files\App</Filter>
    </ClInclude>
    <ClInclude Include="CoordinateSystem.h">
      <Filter>Source Files\Graphics</Filter>
    </ClInclude>
    <ClInclude Include="Function.h">
      <Filter>Source Files\Math</Filter>
    </ClInclude>
    <ClInclude Include="GraphRenderer.h">
      <Filter>Source Files\Graphics</Filter>
    </ClInclude>
    <ClInclude Include="FunctionParser.h">
      <Filter>Source Files\Math</Filter>
    </ClInclude>
    <ClInclude Include="ExpressionTree.h">
      <Filter>Source Files\Math</Filter>
    </ClInclude>
    <ClInclude Include="UserDefinedFunction.h">
      <Filter>Source Files\Model</Filter>
    </ClInclude>
  </ItemGroup>
</Project>